{
  "name": "Red-Teaming-Army-Dev",
  "lockfileVersion": 3,
  "requires": true,
  "packages": {
    "": {
      "dependencies": {
        "retypeapp": "^4.6.0"
      }
    },
    "node_modules/retypeapp": {
      "version": "4.6.0",
      "resolved": "https://registry.npmjs.org/retypeapp/-/retypeapp-4.6.0.tgz",
      "integrity": "sha512-zMu7MnUqLYWtJxxIlN+i27nHeT3ZsJMgcFE7u1FkW1WQCDpwu26ypvBjKnpH7pMOilWvF7ro5N5eY6X3u9W1SA==",
      "bin": {
        "retype": "retype.js"
      },
      "optionalDependencies": {
        "retypeapp-darwin-arm64": "4.6.0",
        "retypeapp-darwin-x64": "4.6.0",
        "retypeapp-linux-arm64": "4.6.0",
        "retypeapp-linux-x64": "4.6.0",
        "retypeapp-win-x64": "4.6.0",
        "retypeapp-win-x86": "4.6.0"
      }
    },
    "node_modules/retypeapp-darwin-arm64": {
      "version": "4.6.0",
      "resolved": "https://registry.npmjs.org/retypeapp-darwin-arm64/-/retypeapp-darwin-arm64-4.6.0.tgz",
      "integrity": "sha512-cxtLBFDB88wbQQ94ssaV8yU11CLxM2tN5Mb+f2nY6VjjfU5UEyDBJ2YUjnr/oyX2PfgsrtOoIPciiZKEXv0hvw==",
      "cpu": [
        "arm64"
      ],
      "optional": true,
      "os": [
        "darwin"
      ],
      "bin": {
        "retype": "retype.js"
      }
    },
    "node_modules/retypeapp-darwin-x64": {
      "version": "4.6.0",
      "resolved": "https://registry.npmjs.org/retypeapp-darwin-x64/-/retypeapp-darwin-x64-4.6.0.tgz",
      "integrity": "sha512-wG8+q+pmd7Bubf8MMjTfTVoUw4hrpNRRvBnWWFKrM4v7uns2kbw+HrLiB+x12DTPNTteHCRxzaZvCyhTU5apgg==",
      "cpu": [
        "x64"
      ],
      "optional": true,
      "os": [
        "darwin"
      ],
      "bin": {
        "retype": "retype.js"
      }
    },
    "node_modules/retypeapp-linux-arm64": {
      "version": "4.6.0",
      "resolved": "https://registry.npmjs.org/retypeapp-linux-arm64/-/retypeapp-linux-arm64-4.6.0.tgz",
      "integrity": "sha512-K1Pvo22Tssie76/zTkbzWCRQaZtVnMqD/4s+aQTpaT+S9+mm5vAkw3/KGYyJitXWSvoOXm3FqUyo63u5H4V3OQ==",
      "cpu": [
        "arm64"
      ],
      "optional": true,
      "os": [
        "linux"
      ],
      "bin": {
        "retype": "retype.js"
      }
    },
    "node_modules/retypeapp-linux-x64": {
      "version": "4.6.0",
      "resolved": "https://registry.npmjs.org/retypeapp-linux-x64/-/retypeapp-linux-x64-4.6.0.tgz",
      "integrity": "sha512-eDaPhJ2q9u9j2OvylnZe6JtQSBweh5pXS93Vq1Kz19TbFqx23E/lUKPe2ZzhcoVYpjDn9Maj17UcsvUoxEP6yg==",
      "cpu": [
        "x64"
      ],
      "optional": true,
      "os": [
        "linux"
      ],
      "bin": {
        "retype": "retype.js"
      }
    },
    "node_modules/retypeapp-win-x64": {
      "version": "4.6.0",
      "resolved": "https://registry.npmjs.org/retypeapp-win-x64/-/retypeapp-win-x64-4.6.0.tgz",
      "integrity": "sha512-vhv3P+v4nJptzP+mzB76LrW5E7cPKcRfRXyuQQzEmPEhc6kRQQxepy3ZxnXCGLhlniTHOu7BxWuFL0U2hJaChg==",
      "cpu": [
        "x64"
      ],
      "optional": true,
      "os": [
        "win32"
      ],
      "bin": {
        "retype": "retype.js"
      }
    },
    "node_modules/retypeapp-win-x86": {
      "version": "4.6.0",
      "resolved": "https://registry.npmjs.org/retypeapp-win-x86/-/retypeapp-win-x86-4.6.0.tgz",
      "integrity": "sha512-MEtzEvUaKtNvwI1JoKDaayv5NOE2zdZMkwO+JAgwXIeYV6H/tyGrSvEdeSYOujEsnm43+Tm8770faoqQmS1D4A==",
      "cpu": [
        "ia32"
      ],
      "optional": true,
      "os": [
        "win32"
      ],
      "bin": {
        "retype": "retype.js"
      }
    }
  }
}
